{
  "name": "@myflow-xyz/ci-node-tools",
  "version": "1.0.0",
  "lockfileVersion": 3,
  "requires": true,
  "packages": {
    "": {
      "name": "@myflow-xyz/ci-node-tools",
      "version": "1.0.0",
      "license": "AGPL-3.0-only",
      "dependencies": {
        "@redocly/cli": "2.41.1",
        "pnpm": "11.17.0"
      }
    },
    "node_modules/@redocly/cli": {
      "version": "2.41.1",
      "resolved": "https://registry.npmjs.org/@redocly/cli/-/cli-2.41.1.tgz",
      "integrity": "sha512-Rde/CpjSMxTBWUCbkECtR4S1YTF8NE+tQgnI1Y7M4wxMLGy8yhmUmTHRUDlKSha97bfBfvjryYuEuZfocD2UNw==",
      "license": "MIT",
      "bin": {
        "openapi": "bin/cli.js",
        "redocly": "bin/cli.js"
      },
      "engines": {
        "node": ">=22.12.0 || >=20.19.0 <21.0.0",
        "npm": ">=10"
      }
    },
    "node_modules/pnpm": {
      "version": "11.17.0",
      "resolved": "https://registry.npmjs.org/pnpm/-/pnpm-11.17.0.tgz",
      "integrity": "sha512-zKPOozKtJUu4QUX5ZtGfSHlhUhA0b8kseaBH8joNezzKPDeS8AdrofGDHSd++88KkRmzGppg7Kf7PWIx8zHvcg==",
      "license": "MIT",
      "bin": {
        "pn": "bin/pnpm.mjs",
        "pnpm": "bin/pnpm.mjs",
        "pnpx": "bin/pnpx.mjs",
        "pnx": "bin/pnpx.mjs"
      },
      "engines": {
        "node": ">=22.13"
      },
      "funding": {
        "url": "https://opencollective.com/pnpm"
      }
    }
  }
}
