{
  "name": "@myflow-xyz/ci-node-tools",
  "version": "1.0.0",
  "lockfileVersion": 3,
  "requires": true,
  "packages": {
    "": {
      "name": "@myflow-xyz/ci-node-tools",
      "version": "1.0.0",
      "license": "AGPL-3.0-only",
      "dependencies": {
        "@redocly/cli": "2.46.1",
        "pnpm": "11.22.0"
      }
    },
    "node_modules/@redocly/cli": {
      "version": "2.46.1",
      "resolved": "https://registry.npmjs.org/@redocly/cli/-/cli-2.46.1.tgz",
      "integrity": "sha512-FSUSq2FU8VN7DmTobTmq7zb3zPnDkRKSMd3n38D62JFJUUZKnLMQtn7BUhsD2dCFH2WgF05I3fbN7QHDQyCBeA==",
      "license": "MIT",
      "bin": {
        "openapi": "bin/cli.js",
        "redocly": "bin/cli.js"
      },
      "engines": {
        "node": ">=22.12.0 || >=20.19.0 <21.0.0",
        "npm": ">=10"
      }
    },
    "node_modules/pnpm": {
      "version": "11.22.0",
      "resolved": "https://registry.npmjs.org/pnpm/-/pnpm-11.22.0.tgz",
      "integrity": "sha512-H/hwxMYTPf2I+yr8Rt0T1H8JyXlLQ4xv20fKmMrzvBY4HuC+k6CRuOOCTPAfiJ9G19niCRD7C+GrD7W6qA3WIQ==",
      "license": "MIT",
      "bin": {
        "pn": "bin/pnpm.mjs",
        "pnpm": "bin/pnpm.mjs",
        "pnpx": "bin/pnpx.mjs",
        "pnx": "bin/pnpx.mjs"
      },
      "engines": {
        "node": ">=22.13"
      },
      "funding": {
        "url": "https://opencollective.com/pnpm"
      }
    }
  }
}
